
Microsoft Visual Studio Solution File, Format Version 12.00
# Visual Studio Version 16
VisualStudioVersion = 16.0.31019.35
MinimumVisualStudioVersion = 10.0.40219.1
Project("{9A19103F-16F7-4668-BE54-9A1E7A4F7556}") = "SocialApis", "SocialApis\SocialApis.csproj", "{033AA2BE-B09C-4442-B283-C4BA1EAD8018}"
EndProject
Project("{9A19103F-16F7-4668-BE54-9A1E7A4F7556}") = "SocialApis.Test", "SocialApis.Test\SocialApis.Test.csproj", "{D92596F4-20D1-46D1-B67F-5F2C627BA67E}"
EndProject
Project("{2150E333-8FDC-42A3-9474-1A3956D46DE8}") = "Solution Items", "Solution Items", "{8916623B-29FE-4898-B8EA-B3A5CB9DDC5F}"
	ProjectSection(SolutionItems) = preProject
		LICENSE = LICENSE
		README.md = README.md
	EndProjectSection
EndProject
Global
	GlobalSection(SolutionConfigurationPlatforms) = preSolution
		Debug|Any CPU = Debug|Any CPU
		Release|Any CPU = Release|Any CPU
	EndGlobalSection
	GlobalSection(ProjectConfigurationPlatforms) = postSolution
		{033AA2BE-B09C-4442-B283-C4BA1EAD8018}.Debug|Any CPU.ActiveCfg = Debug|Any CPU
		{033AA2BE-B09C-4442-B283-C4BA1EAD8018}.Debug|Any CPU.Build.0 = Debug|Any CPU
		{033AA2BE-B09C-4442-B283-C4BA1EAD8018}.Release|Any CPU.ActiveCfg = Release|Any CPU
		{033AA2BE-B09C-4442-B283-C4BA1EAD8018}.Release|Any CPU.Build.0 = Release|Any CPU
		{D92596F4-20D1-46D1-B67F-5F2C627BA67E}.Debug|Any CPU.ActiveCfg = Debug|Any CPU
		{D92596F4-20D1-46D1-B67F-5F2C627BA67E}.Debug|Any CPU.Build.0 = Debug|Any CPU
		{D92596F4-20D1-46D1-B67F-5F2C627BA67E}.Release|Any CPU.ActiveCfg = Release|Any CPU
		{D92596F4-20D1-46D1-B67F-5F2C627BA67E}.Release|Any CPU.Build.0 = Release|Any CPU
	EndGlobalSection
	GlobalSection(SolutionProperties) = preSolution
		HideSolutionNode = FALSE
	EndGlobalSection
	GlobalSection(ExtensibilityGlobals) = postSolution
		SolutionGuid = {641C3A59-3718-4852-A065-F6A3371FC759}
	EndGlobalSection
EndGlobal
